
Microsoft Visual Studio Solution File, Format Version 12.00
# Visual Studio Version 17
VisualStudioVersion = 17.4.33122.133
MinimumVisualStudioVersion = 10.0.40219.1
Project("{FAE04EC0-301F-11D3-BF4B-00C04F79EFBC}") = "TheConsoleApp", "TheConsoleApp\TheConsoleApp.csproj", "{FAB66CAD-E947-48DC-9FD8-889B13AD35C3}"
EndProject
Global
	GlobalSection(SolutionConfigurationPlatforms) = preSolution
		Debug|Any CPU = Debug|Any CPU
		Release|Any CPU = Release|Any CPU
	EndGlobalSection
	GlobalSection(ProjectConfigurationPlatforms) = postSolution
		{FAB66CAD-E947-48DC-9FD8-889B13AD35C3}.Debug|Any CPU.ActiveCfg = Debug|Any CPU
		{FAB66CAD-E947-48DC-9FD8-889B13AD35C3}.Debug|Any CPU.Build.0 = Debug|Any CPU
		{FAB66CAD-E947-48DC-9FD8-889B13AD35C3}.Release|Any CPU.ActiveCfg = Release|Any CPU
		{FAB66CAD-E947-48DC-9FD8-889B13AD35C3}.Release|Any CPU.Build.0 = Release|Any CPU
	EndGlobalSection
	GlobalSection(SolutionProperties) = preSolution
		HideSolutionNode = FALSE
	EndGlobalSection
	GlobalSection(ExtensibilityGlobals) = postSolution
		SolutionGuid = {FA7205BD-283D-41BC-BF99-8232DCE4E365}
	EndGlobalSection
EndGlobal
